
Microsoft Visual Studio Solution File, Format Version 12.00
# Visual Studio Version 17
VisualStudioVersion = 17.3.32901.215
MinimumVisualStudioVersion = 10.0.40219.1
Project("{FAE04EC0-301F-11D3-BF4B-00C04F79EFBC}") = "DataStructure", "DataStructure\DataStructure.csproj", "{1E6AC7E3-61BB-4C3C-A723-B97C692BC35F}"
EndProject
Global
	GlobalSection(SolutionConfigurationPlatforms) = preSolution
		Debug|Any CPU = Debug|Any CPU
		Release|Any CPU = Release|Any CPU
	EndGlobalSection
	GlobalSection(ProjectConfigurationPlatforms) = postSolution
		{1E6AC7E3-61BB-4C3C-A723-B97C692BC35F}.Debug|Any CPU.ActiveCfg = Debug|Any CPU
		{1E6AC7E3-61BB-4C3C-A723-B97C692BC35F}.Debug|Any CPU.Build.0 = Debug|Any CPU
		{1E6AC7E3-61BB-4C3C-A723-B97C692BC35F}.Release|Any CPU.ActiveCfg = Release|Any CPU
		{1E6AC7E3-61BB-4C3C-A723-B97C692BC35F}.Release|Any CPU.Build.0 = Release|Any CPU
	EndGlobalSection
	GlobalSection(SolutionProperties) = preSolution
		HideSolutionNode = FALSE
	EndGlobalSection
	GlobalSection(ExtensibilityGlobals) = postSolution
		SolutionGuid = {4D00DD77-DE3C-49CA-AC17-4A935669A65D}
	EndGlobalSection
EndGlobal
